
Microsoft Visual Studio Solution File, Format Version 12.00
# Visual Studio 15
VisualStudioVersion = 15.0.27130.2003
MinimumVisualStudioVersion = 10.0.40219.1
Project("{2150E333-8FDC-42A3-9474-1A3956D46DE8}") = "src", "src", "{66143D1C-BAE4-460A-996F-B452CF11574B}"
EndProject
Project("{2150E333-8FDC-42A3-9474-1A3956D46DE8}") = "test", "test", "{E7155F83-2EB1-4CEE-8DDB-9090C52A3F6E}"
EndProject
Project("{9A19103F-16F7-4668-BE54-9A1E7A4F7556}") = "War", "src\War\War.csproj", "{185DF089-5A27-44D9-903F-4748671D21DC}"
EndProject
Project("{9A19103F-16F7-4668-BE54-9A1E7A4F7556}") = "TypeDemos", "src\TypeDemos\TypeDemos.csproj", "{56E044C0-8C9C-4F44-AF25-9774EEAE6392}"
EndProject
Project("{9A19103F-16F7-4668-BE54-9A1E7A4F7556}") = "ImportantTypes", "src\ImportantTypes\ImportantTypes.csproj", "{1823628B-D8A5-4FFC-BCEF-16A63666E02A}"
EndProject
Global
	GlobalSection(SolutionConfigurationPlatforms) = preSolution
		Debug|Any CPU = Debug|Any CPU
		Release|Any CPU = Release|Any CPU
	EndGlobalSection
	GlobalSection(ProjectConfigurationPlatforms) = postSolution
		{185DF089-5A27-44D9-903F-4748671D21DC}.Debug|Any CPU.ActiveCfg = Debug|Any CPU
		{185DF089-5A27-44D9-903F-4748671D21DC}.Debug|Any CPU.Build.0 = Debug|Any CPU
		{185DF089-5A27-44D9-903F-4748671D21DC}.Release|Any CPU.ActiveCfg = Release|Any CPU
		{185DF089-5A27-44D9-903F-4748671D21DC}.Release|Any CPU.Build.0 = Release|Any CPU
		{56E044C0-8C9C-4F44-AF25-9774EEAE6392}.Debug|Any CPU.ActiveCfg = Debug|Any CPU
		{56E044C0-8C9C-4F44-AF25-9774EEAE6392}.Debug|Any CPU.Build.0 = Debug|Any CPU
		{56E044C0-8C9C-4F44-AF25-9774EEAE6392}.Release|Any CPU.ActiveCfg = Release|Any CPU
		{56E044C0-8C9C-4F44-AF25-9774EEAE6392}.Release|Any CPU.Build.0 = Release|Any CPU
		{1823628B-D8A5-4FFC-BCEF-16A63666E02A}.Debug|Any CPU.ActiveCfg = Debug|Any CPU
		{1823628B-D8A5-4FFC-BCEF-16A63666E02A}.Debug|Any CPU.Build.0 = Debug|Any CPU
		{1823628B-D8A5-4FFC-BCEF-16A63666E02A}.Release|Any CPU.ActiveCfg = Release|Any CPU
		{1823628B-D8A5-4FFC-BCEF-16A63666E02A}.Release|Any CPU.Build.0 = Release|Any CPU
	EndGlobalSection
	GlobalSection(SolutionProperties) = preSolution
		HideSolutionNode = FALSE
	EndGlobalSection
	GlobalSection(NestedProjects) = preSolution
		{185DF089-5A27-44D9-903F-4748671D21DC} = {66143D1C-BAE4-460A-996F-B452CF11574B}
		{56E044C0-8C9C-4F44-AF25-9774EEAE6392} = {66143D1C-BAE4-460A-996F-B452CF11574B}
		{1823628B-D8A5-4FFC-BCEF-16A63666E02A} = {66143D1C-BAE4-460A-996F-B452CF11574B}
	EndGlobalSection
	GlobalSection(ExtensibilityGlobals) = postSolution
		SolutionGuid = {93A21063-AAE1-4388-AAE1-03960F1D1695}
	EndGlobalSection
EndGlobal
