
Microsoft Visual Studio Solution File, Format Version 12.00
# Visual Studio 15
VisualStudioVersion = 15.0.27130.2003
MinimumVisualStudioVersion = 10.0.40219.1
Project("{2150E333-8FDC-42A3-9474-1A3956D46DE8}") = "src", "src", "{31A2FD9F-5306-48C2-9094-9F8593491E8E}"
EndProject
Project("{9A19103F-16F7-4668-BE54-9A1E7A4F7556}") = "Delegates", "src\Delegates\Delegates.csproj", "{09945C6F-E91C-4A16-9C33-A6560E86B9AD}"
EndProject
Project("{9A19103F-16F7-4668-BE54-9A1E7A4F7556}") = "Action-Func", "src\Action-Func\Action-Func.csproj", "{8B18CDFB-09EB-4B30-9568-0143C964C3C9}"
EndProject
Project("{9A19103F-16F7-4668-BE54-9A1E7A4F7556}") = "LinqIntro", "src\LinqIntro\LinqIntro.csproj", "{326DC12A-E3B1-48B7-BC0A-A93DECCBBB69}"
EndProject
Project("{9A19103F-16F7-4668-BE54-9A1E7A4F7556}") = "LinqIntegrated", "src\LinqIntegrated\LinqIntegrated.csproj", "{EA55A947-E16C-4ED1-9A68-D0A037B79723}"
EndProject
Project("{9A19103F-16F7-4668-BE54-9A1E7A4F7556}") = "Events", "src\Events\Events.csproj", "{EA5F01AD-81C7-49D4-8E1C-8379F9870929}"
EndProject
Global
	GlobalSection(SolutionConfigurationPlatforms) = preSolution
		Debug|Any CPU = Debug|Any CPU
		Release|Any CPU = Release|Any CPU
	EndGlobalSection
	GlobalSection(ProjectConfigurationPlatforms) = postSolution
		{09945C6F-E91C-4A16-9C33-A6560E86B9AD}.Debug|Any CPU.ActiveCfg = Debug|Any CPU
		{09945C6F-E91C-4A16-9C33-A6560E86B9AD}.Debug|Any CPU.Build.0 = Debug|Any CPU
		{09945C6F-E91C-4A16-9C33-A6560E86B9AD}.Release|Any CPU.ActiveCfg = Release|Any CPU
		{09945C6F-E91C-4A16-9C33-A6560E86B9AD}.Release|Any CPU.Build.0 = Release|Any CPU
		{8B18CDFB-09EB-4B30-9568-0143C964C3C9}.Debug|Any CPU.ActiveCfg = Debug|Any CPU
		{8B18CDFB-09EB-4B30-9568-0143C964C3C9}.Debug|Any CPU.Build.0 = Debug|Any CPU
		{8B18CDFB-09EB-4B30-9568-0143C964C3C9}.Release|Any CPU.ActiveCfg = Release|Any CPU
		{8B18CDFB-09EB-4B30-9568-0143C964C3C9}.Release|Any CPU.Build.0 = Release|Any CPU
		{326DC12A-E3B1-48B7-BC0A-A93DECCBBB69}.Debug|Any CPU.ActiveCfg = Debug|Any CPU
		{326DC12A-E3B1-48B7-BC0A-A93DECCBBB69}.Debug|Any CPU.Build.0 = Debug|Any CPU
		{326DC12A-E3B1-48B7-BC0A-A93DECCBBB69}.Release|Any CPU.ActiveCfg = Release|Any CPU
		{326DC12A-E3B1-48B7-BC0A-A93DECCBBB69}.Release|Any CPU.Build.0 = Release|Any CPU
		{EA55A947-E16C-4ED1-9A68-D0A037B79723}.Debug|Any CPU.ActiveCfg = Debug|Any CPU
		{EA55A947-E16C-4ED1-9A68-D0A037B79723}.Debug|Any CPU.Build.0 = Debug|Any CPU
		{EA55A947-E16C-4ED1-9A68-D0A037B79723}.Release|Any CPU.ActiveCfg = Release|Any CPU
		{EA55A947-E16C-4ED1-9A68-D0A037B79723}.Release|Any CPU.Build.0 = Release|Any CPU
		{EA5F01AD-81C7-49D4-8E1C-8379F9870929}.Debug|Any CPU.ActiveCfg = Debug|Any CPU
		{EA5F01AD-81C7-49D4-8E1C-8379F9870929}.Debug|Any CPU.Build.0 = Debug|Any CPU
		{EA5F01AD-81C7-49D4-8E1C-8379F9870929}.Release|Any CPU.ActiveCfg = Release|Any CPU
		{EA5F01AD-81C7-49D4-8E1C-8379F9870929}.Release|Any CPU.Build.0 = Release|Any CPU
	EndGlobalSection
	GlobalSection(SolutionProperties) = preSolution
		HideSolutionNode = FALSE
	EndGlobalSection
	GlobalSection(NestedProjects) = preSolution
		{09945C6F-E91C-4A16-9C33-A6560E86B9AD} = {31A2FD9F-5306-48C2-9094-9F8593491E8E}
		{8B18CDFB-09EB-4B30-9568-0143C964C3C9} = {31A2FD9F-5306-48C2-9094-9F8593491E8E}
		{326DC12A-E3B1-48B7-BC0A-A93DECCBBB69} = {31A2FD9F-5306-48C2-9094-9F8593491E8E}
		{EA55A947-E16C-4ED1-9A68-D0A037B79723} = {31A2FD9F-5306-48C2-9094-9F8593491E8E}
		{EA5F01AD-81C7-49D4-8E1C-8379F9870929} = {31A2FD9F-5306-48C2-9094-9F8593491E8E}
	EndGlobalSection
	GlobalSection(ExtensibilityGlobals) = postSolution
		SolutionGuid = {B1FC7E0F-84E5-43D0-A946-DFE45BF02370}
	EndGlobalSection
EndGlobal
